
Microsoft Visual Studio Solution File, Format Version 12.00
# Visual Studio Version 17
VisualStudioVersion = 17.11.35222.181
MinimumVisualStudioVersion = 10.0.40219.1
Project("{FAE04EC0-301F-11D3-BF4B-00C04F79EFBC}") = "Pizza", "Pizza.csproj", "{63D2CAB8-0859-4E00-88B5-F20D4467649E}"
EndProject
Global
	GlobalSection(SolutionConfigurationPlatforms) = preSolution
		Debug|Any CPU = Debug|Any CPU
		Release|Any CPU = Release|Any CPU
	EndGlobalSection
	GlobalSection(ProjectConfigurationPlatforms) = postSolution
		{63D2CAB8-0859-4E00-88B5-F20D4467649E}.Debug|Any CPU.ActiveCfg = Debug|Any CPU
		{63D2CAB8-0859-4E00-88B5-F20D4467649E}.Debug|Any CPU.Build.0 = Debug|Any CPU
		{63D2CAB8-0859-4E00-88B5-F20D4467649E}.Release|Any CPU.ActiveCfg = Release|Any CPU
		{63D2CAB8-0859-4E00-88B5-F20D4467649E}.Release|Any CPU.Build.0 = Release|Any CPU
	EndGlobalSection
	GlobalSection(SolutionProperties) = preSolution
		HideSolutionNode = FALSE
	EndGlobalSection
	GlobalSection(ExtensibilityGlobals) = postSolution
		SolutionGuid = {4747E5CF-461D-4E7E-A73B-59E15CF5BEF2}
	EndGlobalSection
EndGlobal
